// !$*UTF8*$!
{
	archiveVersion = 1;
	classes = {
	};
	objectVersion = 46;
	objects = {

/* Begin PBXBuildFile section */
		4C20FB5D1EE89ADC00FAD125 /* SCCAlbum.m in Sources */ = {isa = PBXBuildFile; fileRef = 4C20FB581EE89ADC00FAD125 /* SCCAlbum.m */; };
		4C20FB5E1EE89ADC00FAD125 /* SCCImporter.m in Sources */ = {isa = PBXBuildFile; fileRef = 4C20FB5A1EE89ADC00FAD125 /* SCCImporter.m */; };
		4C20FB5F1EE89ADC00FAD125 /* SCCTrack.m in Sources */ = {isa = PBXBuildFile; fileRef = 4C20FB5C1EE89ADC00FAD125 /* SCCTrack.m */; };
		4C20FB631EE89B1400FAD125 /* AlbumResults.json in Resources */ = {isa = PBXBuildFile; fileRef = 4C20FB611EE89B1400FAD125 /* AlbumResults.json */; };
		4C20FB641EE89B1400FAD125 /* TrackResults.json in Resources */ = {isa = PBXBuildFile; fileRef = 4C20FB621EE89B1400FAD125 /* TrackResults.json */; };
		57D0433304F4EAE4C9E6E438 /* TrackArt.png in Resources */ = {isa = PBXBuildFile; fileRef = 57D04C5BC876229CD1ED6E0F /* TrackArt.png */; };
		57D044AAD3640D2E816711B2 /* SCCUtility.m in Sources */ = {isa = PBXBuildFile; fileRef = 57D04E0AC18A1F3AA5AB625B /* SCCUtility.m */; };
		57D04883949B7AEDE271B92F /* SCCImageUtility.m in Sources */ = {isa = PBXBuildFile; fileRef = 57D04EA785384E944DC86CF9 /* SCCImageUtility.m */; };
		57D049FEAB50E44F9EE34601 /* SCCAlbumTableViewController.m in Sources */ = {isa = PBXBuildFile; fileRef = 57D04569E71C5A49B35C8082 /* SCCAlbumTableViewController.m */; };
		57D04B823490BFC537943FEE /* SCCTrackTableViewCell.m in Sources */ = {isa = PBXBuildFile; fileRef = 57D043BBCF975D4A537E1183 /* SCCTrackTableViewCell.m */; };
		57D04B90550744561ECC0D2B /* SCCAlbumDetailHeaderView.m in Sources */ = {isa = PBXBuildFile; fileRef = 57D047D23669F043AADD4A82 /* SCCAlbumDetailHeaderView.m */; };
		57D04DDDD99C55A83A23B09E /* AlbumArt.png in Resources */ = {isa = PBXBuildFile; fileRef = 57D045F11E81AEC32E4C5CCC /* AlbumArt.png */; };
		57D04EDB7050D2B8D30D6299 /* SCCAlbumTableViewCell.m in Sources */ = {isa = PBXBuildFile; fileRef = 57D04F20274BA236F7DE73EB /* SCCAlbumTableViewCell.m */; };
		57D04EE9802571CF6E5290DD /* SCCAlbumDetailViewTableViewController.m in Sources */ = {isa = PBXBuildFile; fileRef = 57D04C7453762F66BE0C2413 /* SCCAlbumDetailViewTableViewController.m */; };
		57D04FFEE5BD83A0D4A185A9 /* SCCTrackDetailViewUIViewController.m in Sources */ = {isa = PBXBuildFile; fileRef = 57D04782A94999ED5EB5F8FC /* SCCTrackDetailViewUIViewController.m */; };
		5DEF82791CE66A0800985B5D /* main.m in Sources */ = {isa = PBXBuildFile; fileRef = 5DEF82781CE66A0800985B5D /* main.m */; };
		5DEF82841CE66A0800985B5D /* Assets.xcassets in Resources */ = {isa = PBXBuildFile; fileRef = 5DEF82831CE66A0800985B5D /* Assets.xcassets */; };
		5DEF82871CE66A0800985B5D /* LaunchScreen.storyboard in Resources */ = {isa = PBXBuildFile; fileRef = 5DEF82851CE66A0800985B5D /* LaunchScreen.storyboard */; };
		5DEF82951CE66B2B00985B5D /* SCCAppDelegate.m in Sources */ = {isa = PBXBuildFile; fileRef = 5DEF82901CE66B2B00985B5D /* SCCAppDelegate.m */; };
/* End PBXBuildFile section */

/* Begin PBXFileReference section */
		4C20FB571EE89ADC00FAD125 /* SCCAlbum.h */ = {isa = PBXFileReference; fileEncoding = 4; lastKnownFileType = sourcecode.c.h; name = SCCAlbum.h; path = Model/SCCAlbum.h; sourceTree = "<group>"; };
		4C20FB581EE89ADC00FAD125 /* SCCAlbum.m */ = {isa = PBXFileReference; fileEncoding = 4; lastKnownFileType = sourcecode.c.objc; name = SCCAlbum.m; path = Model/SCCAlbum.m; sourceTree = "<group>"; };
		4C20FB591EE89ADC00FAD125 /* SCCImporter.h */ = {isa = PBXFileReference; fileEncoding = 4; lastKnownFileType = sourcecode.c.h; name = SCCImporter.h; path = Model/SCCImporter.h; sourceTree = "<group>"; };
		4C20FB5A1EE89ADC00FAD125 /* SCCImporter.m */ = {isa = PBXFileReference; fileEncoding = 4; lastKnownFileType = sourcecode.c.objc; name = SCCImporter.m; path = Model/SCCImporter.m; sourceTree = "<group>"; };
		4C20FB5B1EE89ADC00FAD125 /* SCCTrack.h */ = {isa = PBXFileReference; fileEncoding = 4; lastKnownFileType = sourcecode.c.h; name = SCCTrack.h; path = Model/SCCTrack.h; sourceTree = "<group>"; };
		4C20FB5C1EE89ADC00FAD125 /* SCCTrack.m */ = {isa = PBXFileReference; fileEncoding = 4; lastKnownFileType = sourcecode.c.objc; name = SCCTrack.m; path = Model/SCCTrack.m; sourceTree = "<group>"; };
		4C20FB611EE89B1400FAD125 /* AlbumResults.json */ = {isa = PBXFileReference; fileEncoding = 4; lastKnownFileType = text.json; name = AlbumResults.json; path = "JSON Files/AlbumResults.json"; sourceTree = "<group>"; };
		4C20FB621EE89B1400FAD125 /* TrackResults.json */ = {isa = PBXFileReference; fileEncoding = 4; lastKnownFileType = text.json; name = TrackResults.json; path = "JSON Files/TrackResults.json"; sourceTree = "<group>"; };
		57D04340E7F505AD1E044824 /* SCCAlbumDetailHeaderView.h */ = {isa = PBXFileReference; fileEncoding = 4; lastKnownFileType = sourcecode.c.h; path = SCCAlbumDetailHeaderView.h; sourceTree = "<group>"; };
		57D043BBCF975D4A537E1183 /* SCCTrackTableViewCell.m */ = {isa = PBXFileReference; fileEncoding = 4; lastKnownFileType = sourcecode.c.objc; path = SCCTrackTableViewCell.m; sourceTree = "<group>"; };
		57D04569E71C5A49B35C8082 /* SCCAlbumTableViewController.m */ = {isa = PBXFileReference; fileEncoding = 4; lastKnownFileType = sourcecode.c.objc; path = SCCAlbumTableViewController.m; sourceTree = "<group>"; };
		57D045C8971D710B56A162C1 /* SCCImageUtility.h */ = {isa = PBXFileReference; fileEncoding = 4; lastKnownFileType = sourcecode.c.h; path = SCCImageUtility.h; sourceTree = "<group>"; };
		57D045D0E5744605A1F29D18 /* SCCTrackTableViewCell.h */ = {isa = PBXFileReference; fileEncoding = 4; lastKnownFileType = sourcecode.c.h; path = SCCTrackTableViewCell.h; sourceTree = "<group>"; };
		57D045F11E81AEC32E4C5CCC /* AlbumArt.png */ = {isa = PBXFileReference; lastKnownFileType = image.png; path = AlbumArt.png; sourceTree = "<group>"; };
		57D04782A94999ED5EB5F8FC /* SCCTrackDetailViewUIViewController.m */ = {isa = PBXFileReference; fileEncoding = 4; lastKnownFileType = sourcecode.c.objc; path = SCCTrackDetailViewUIViewController.m; sourceTree = "<group>"; };
		57D047CCCECFFBC642948EE0 /* SCCUtility.h */ = {isa = PBXFileReference; fileEncoding = 4; lastKnownFileType = sourcecode.c.h; path = SCCUtility.h; sourceTree = "<group>"; };
		57D047D23669F043AADD4A82 /* SCCAlbumDetailHeaderView.m */ = {isa = PBXFileReference; fileEncoding = 4; lastKnownFileType = sourcecode.c.objc; path = SCCAlbumDetailHeaderView.m; sourceTree = "<group>"; };
		57D0488C805B34B5043D93D2 /* SCCTrackDetailViewUIViewController.h */ = {isa = PBXFileReference; fileEncoding = 4; lastKnownFileType = sourcecode.c.h; path = SCCTrackDetailViewUIViewController.h; sourceTree = "<group>"; };
		57D04B163EFDDDDD08DDC4B4 /* SCCAlbumDetailViewTableViewController.h */ = {isa = PBXFileReference; fileEncoding = 4; lastKnownFileType = sourcecode.c.h; path = SCCAlbumDetailViewTableViewController.h; sourceTree = "<group>"; };
		57D04C4CE1C160C90DB0DAEB /* SCCAlbumTableViewCell.h */ = {isa = PBXFileReference; fileEncoding = 4; lastKnownFileType = sourcecode.c.h; path = SCCAlbumTableViewCell.h; sourceTree = "<group>"; };
		57D04C5BC876229CD1ED6E0F /* TrackArt.png */ = {isa = PBXFileReference; lastKnownFileType = image.png; path = TrackArt.png; sourceTree = "<group>"; };
		57D04C7453762F66BE0C2413 /* SCCAlbumDetailViewTableViewController.m */ = {isa = PBXFileReference; fileEncoding = 4; lastKnownFileType = sourcecode.c.objc; path = SCCAlbumDetailViewTableViewController.m; sourceTree = "<group>"; };
		57D04E0AC18A1F3AA5AB625B /* SCCUtility.m */ = {isa = PBXFileReference; fileEncoding = 4; lastKnownFileType = sourcecode.c.objc; path = SCCUtility.m; sourceTree = "<group>"; };
		57D04EA785384E944DC86CF9 /* SCCImageUtility.m */ = {isa = PBXFileReference; fileEncoding = 4; lastKnownFileType = sourcecode.c.objc; path = SCCImageUtility.m; sourceTree = "<group>"; };
		57D04EDFA09B73C84A97B0D3 /* SCCAlbumTableViewController.h */ = {isa = PBXFileReference; fileEncoding = 4; lastKnownFileType = sourcecode.c.h; path = SCCAlbumTableViewController.h; sourceTree = "<group>"; };
		57D04F20274BA236F7DE73EB /* SCCAlbumTableViewCell.m */ = {isa = PBXFileReference; fileEncoding = 4; lastKnownFileType = sourcecode.c.objc; path = SCCAlbumTableViewCell.m; sourceTree = "<group>"; };
		5DEF82741CE66A0800985B5D /* Music.app */ = {isa = PBXFileReference; explicitFileType = wrapper.application; includeInIndex = 0; path = Music.app; sourceTree = BUILT_PRODUCTS_DIR; };
		5DEF82781CE66A0800985B5D /* main.m */ = {isa = PBXFileReference; lastKnownFileType = sourcecode.c.objc; path = main.m; sourceTree = "<group>"; };
		5DEF82831CE66A0800985B5D /* Assets.xcassets */ = {isa = PBXFileReference; lastKnownFileType = folder.assetcatalog; path = Assets.xcassets; sourceTree = "<group>"; };
		5DEF82861CE66A0800985B5D /* Base */ = {isa = PBXFileReference; lastKnownFileType = file.storyboard; name = Base; path = Base.lproj/LaunchScreen.storyboard; sourceTree = "<group>"; };
		5DEF82881CE66A0800985B5D /* Info.plist */ = {isa = PBXFileReference; lastKnownFileType = text.plist.xml; path = Info.plist; sourceTree = "<group>"; };
		5DEF828F1CE66B2B00985B5D /* SCCAppDelegate.h */ = {isa = PBXFileReference; fileEncoding = 4; lastKnownFileType = sourcecode.c.h; path = SCCAppDelegate.h; sourceTree = "<group>"; };
		5DEF82901CE66B2B00985B5D /* SCCAppDelegate.m */ = {isa = PBXFileReference; fileEncoding = 4; lastKnownFileType = sourcecode.c.objc; path = SCCAppDelegate.m; sourceTree = "<group>"; };
/* End PBXFileReference section */

/* Begin PBXFrameworksBuildPhase section */
		5DEF82711CE66A0800985B5D /* Frameworks */ = {
			isa = PBXFrameworksBuildPhase;
			buildActionMask = 2147483647;
			files = (
			);
			runOnlyForDeploymentPostprocessing = 0;
		};
/* End PBXFrameworksBuildPhase section */

/* Begin PBXGroup section */
		4C20FB561EE89ABC00FAD125 /* Model */ = {
			isa = PBXGroup;
			children = (
				4C20FB571EE89ADC00FAD125 /* SCCAlbum.h */,
				4C20FB581EE89ADC00FAD125 /* SCCAlbum.m */,
				4C20FB591EE89ADC00FAD125 /* SCCImporter.h */,
				4C20FB5A1EE89ADC00FAD125 /* SCCImporter.m */,
				4C20FB5B1EE89ADC00FAD125 /* SCCTrack.h */,
				4C20FB5C1EE89ADC00FAD125 /* SCCTrack.m */,
			);
			name = Model;
			sourceTree = "<group>";
		};
		4C20FB601EE89AEC00FAD125 /* JSON Files */ = {
			isa = PBXGroup;
			children = (
				4C20FB611EE89B1400FAD125 /* AlbumResults.json */,
				4C20FB621EE89B1400FAD125 /* TrackResults.json */,
			);
			name = "JSON Files";
			sourceTree = "<group>";
		};
		57D040C181A17A414893D096 /* Image Files */ = {
			isa = PBXGroup;
			children = (
				57D045F11E81AEC32E4C5CCC /* AlbumArt.png */,
				57D04C5BC876229CD1ED6E0F /* TrackArt.png */,
			);
			path = "Image Files";
			sourceTree = "<group>";
		};
		57D043EE4F3E2EE4B481BF22 /* Custom Views */ = {
			isa = PBXGroup;
			children = (
				57D04340E7F505AD1E044824 /* SCCAlbumDetailHeaderView.h */,
				57D047D23669F043AADD4A82 /* SCCAlbumDetailHeaderView.m */,
				57D04C4CE1C160C90DB0DAEB /* SCCAlbumTableViewCell.h */,
				57D04F20274BA236F7DE73EB /* SCCAlbumTableViewCell.m */,
				57D045D0E5744605A1F29D18 /* SCCTrackTableViewCell.h */,
				57D043BBCF975D4A537E1183 /* SCCTrackTableViewCell.m */,
			);
			path = "Custom Views";
			sourceTree = "<group>";
		};
		57D0456A47F5DA7B0C6DFA7D /* Utilities */ = {
			isa = PBXGroup;
			children = (
				57D045C8971D710B56A162C1 /* SCCImageUtility.h */,
				57D04EA785384E944DC86CF9 /* SCCImageUtility.m */,
				57D047CCCECFFBC642948EE0 /* SCCUtility.h */,
				57D04E0AC18A1F3AA5AB625B /* SCCUtility.m */,
			);
			path = Utilities;
			sourceTree = "<group>";
		};
		57D04E8E0E9D57C135E7909D /* View Controllers */ = {
			isa = PBXGroup;
			children = (
				57D04B163EFDDDDD08DDC4B4 /* SCCAlbumDetailViewTableViewController.h */,
				57D04C7453762F66BE0C2413 /* SCCAlbumDetailViewTableViewController.m */,
				57D04EDFA09B73C84A97B0D3 /* SCCAlbumTableViewController.h */,
				57D04569E71C5A49B35C8082 /* SCCAlbumTableViewController.m */,
				57D0488C805B34B5043D93D2 /* SCCTrackDetailViewUIViewController.h */,
				57D04782A94999ED5EB5F8FC /* SCCTrackDetailViewUIViewController.m */,
			);
			path = "View Controllers";
			sourceTree = "<group>";
		};
		5DEF826B1CE66A0800985B5D = {
			isa = PBXGroup;
			children = (
				5DEF82761CE66A0800985B5D /* Music */,
				5DEF82751CE66A0800985B5D /* Products */,
			);
			sourceTree = "<group>";
		};
		5DEF82751CE66A0800985B5D /* Products */ = {
			isa = PBXGroup;
			children = (
				5DEF82741CE66A0800985B5D /* Music.app */,
			);
			name = Products;
			sourceTree = "<group>";
		};
		5DEF82761CE66A0800985B5D /* Music */ = {
			isa = PBXGroup;
			children = (
				5DEF828E1CE66B2B00985B5D /* App Delegate */,
				5DEF82911CE66B2B00985B5D /* AlbumTableView */,
				57D040C181A17A414893D096 /* Image Files */,
				4C20FB601EE89AEC00FAD125 /* JSON Files */,
				4C20FB561EE89ABC00FAD125 /* Model */,
				5DEF82831CE66A0800985B5D /* Assets.xcassets */,
				5DEF82851CE66A0800985B5D /* LaunchScreen.storyboard */,
				5DEF82881CE66A0800985B5D /* Info.plist */,
				5DEF82771CE66A0800985B5D /* Supporting Files */,
			);
			path = Music;
			sourceTree = "<group>";
		};
		5DEF82771CE66A0800985B5D /* Supporting Files */ = {
			isa = PBXGroup;
			children = (
				5DEF82781CE66A0800985B5D /* main.m */,
			);
			name = "Supporting Files";
			sourceTree = "<group>";
		};
		5DEF828E1CE66B2B00985B5D /* App Delegate */ = {
			isa = PBXGroup;
			children = (
				5DEF828F1CE66B2B00985B5D /* SCCAppDelegate.h */,
				5DEF82901CE66B2B00985B5D /* SCCAppDelegate.m */,
			);
			path = "App Delegate";
			sourceTree = "<group>";
		};
		5DEF82911CE66B2B00985B5D /* AlbumTableView */ = {
			isa = PBXGroup;
			children = (
				57D043EE4F3E2EE4B481BF22 /* Custom Views */,
				57D0456A47F5DA7B0C6DFA7D /* Utilities */,
				57D04E8E0E9D57C135E7909D /* View Controllers */,
			);
			path = AlbumTableView;
			sourceTree = "<group>";
		};
/* End PBXGroup section */

/* Begin PBXNativeTarget section */
		5DEF82731CE66A0800985B5D /* Music */ = {
			isa = PBXNativeTarget;
			buildConfigurationList = 5DEF828B1CE66A0800985B5D /* Build configuration list for PBXNativeTarget "Music" */;
			buildPhases = (
				5DEF82701CE66A0800985B5D /* Sources */,
				5DEF82711CE66A0800985B5D /* Frameworks */,
				5DEF82721CE66A0800985B5D /* Resources */,
			);
			buildRules = (
			);
			dependencies = (
			);
			name = Music;
			productName = Music;
			productReference = 5DEF82741CE66A0800985B5D /* Music.app */;
			productType = "com.apple.product-type.application";
		};
/* End PBXNativeTarget section */

/* Begin PBXProject section */
		5DEF826C1CE66A0800985B5D /* Project object */ = {
			isa = PBXProject;
			attributes = {
				LastUpgradeCheck = 0830;
				ORGANIZATIONNAME = "National Information Solutions Cooperative";
				TargetAttributes = {
					5DEF82731CE66A0800985B5D = {
						CreatedOnToolsVersion = 7.3.1;
					};
				};
			};
			buildConfigurationList = 5DEF826F1CE66A0800985B5D /* Build configuration list for PBXProject "Music" */;
			compatibilityVersion = "Xcode 3.2";
			developmentRegion = English;
			hasScannedForEncodings = 0;
			knownRegions = (
				en,
				Base,
			);
			mainGroup = 5DEF826B1CE66A0800985B5D;
			productRefGroup = 5DEF82751CE66A0800985B5D /* Products */;
			projectDirPath = "";
			projectRoot = "";
			targets = (
				5DEF82731CE66A0800985B5D /* Music */,
			);
		};
/* End PBXProject section */

/* Begin PBXResourcesBuildPhase section */
		5DEF82721CE66A0800985B5D /* Resources */ = {
			isa = PBXResourcesBuildPhase;
			buildActionMask = 2147483647;
			files = (
				4C20FB641EE89B1400FAD125 /* TrackResults.json in Resources */,
				5DEF82871CE66A0800985B5D /* LaunchScreen.storyboard in Resources */,
				5DEF82841CE66A0800985B5D /* Assets.xcassets in Resources */,
				4C20FB631EE89B1400FAD125 /* AlbumResults.json in Resources */,
				57D04DDDD99C55A83A23B09E /* AlbumArt.png in Resources */,
				57D0433304F4EAE4C9E6E438 /* TrackArt.png in Resources */,
			);
			runOnlyForDeploymentPostprocessing = 0;
		};
/* End PBXResourcesBuildPhase section */

/* Begin PBXSourcesBuildPhase section */
		5DEF82701CE66A0800985B5D /* Sources */ = {
			isa = PBXSourcesBuildPhase;
			buildActionMask = 2147483647;
			files = (
				4C20FB5F1EE89ADC00FAD125 /* SCCTrack.m in Sources */,
				5DEF82951CE66B2B00985B5D /* SCCAppDelegate.m in Sources */,
				4C20FB5E1EE89ADC00FAD125 /* SCCImporter.m in Sources */,
				5DEF82791CE66A0800985B5D /* main.m in Sources */,
				4C20FB5D1EE89ADC00FAD125 /* SCCAlbum.m in Sources */,
				57D04FFEE5BD83A0D4A185A9 /* SCCTrackDetailViewUIViewController.m in Sources */,
				57D049FEAB50E44F9EE34601 /* SCCAlbumTableViewController.m in Sources */,
				57D04EE9802571CF6E5290DD /* SCCAlbumDetailViewTableViewController.m in Sources */,
				57D04B90550744561ECC0D2B /* SCCAlbumDetailHeaderView.m in Sources */,
				57D04B823490BFC537943FEE /* SCCTrackTableViewCell.m in Sources */,
				57D04EDB7050D2B8D30D6299 /* SCCAlbumTableViewCell.m in Sources */,
				57D04883949B7AEDE271B92F /* SCCImageUtility.m in Sources */,
				57D044AAD3640D2E816711B2 /* SCCUtility.m in Sources */,
			);
			runOnlyForDeploymentPostprocessing = 0;
		};
/* End PBXSourcesBuildPhase section */

/* Begin PBXVariantGroup section */
		5DEF82851CE66A0800985B5D /* LaunchScreen.storyboard */ = {
			isa = PBXVariantGroup;
			children = (
				5DEF82861CE66A0800985B5D /* Base */,
			);
			name = LaunchScreen.storyboard;
			sourceTree = "<group>";
		};
/* End PBXVariantGroup section */

/* Begin XCBuildConfiguration section */
		5DEF82891CE66A0800985B5D /* Debug */ = {
			isa = XCBuildConfiguration;
			buildSettings = {
				ALWAYS_SEARCH_USER_PATHS = NO;
				CLANG_ANALYZER_NONNULL = YES;
				CLANG_CXX_LANGUAGE_STANDARD = "gnu++0x";
				CLANG_CXX_LIBRARY = "libc++";
				CLANG_ENABLE_MODULES = YES;
				CLANG_ENABLE_OBJC_ARC = YES;
				CLANG_WARN_BOOL_CONVERSION = YES;
				CLANG_WARN_CONSTANT_CONVERSION = YES;
				CLANG_WARN_DIRECT_OBJC_ISA_USAGE = YES_ERROR;
				CLANG_WARN_EMPTY_BODY = YES;
				CLANG_WARN_ENUM_CONVERSION = YES;
				CLANG_WARN_INFINITE_RECURSION = YES;
				CLANG_WARN_INT_CONVERSION = YES;
				CLANG_WARN_OBJC_ROOT_CLASS = YES_ERROR;
				CLANG_WARN_SUSPICIOUS_MOVE = YES;
				CLANG_WARN_UNREACHABLE_CODE = YES;
				CLANG_WARN__DUPLICATE_METHOD_MATCH = YES;
				"CODE_SIGN_IDENTITY[sdk=iphoneos*]" = "iPhone Developer";
				COPY_PHASE_STRIP = NO;
				DEBUG_INFORMATION_FORMAT = dwarf;
				ENABLE_STRICT_OBJC_MSGSEND = YES;
				ENABLE_TESTABILITY = YES;
				GCC_C_LANGUAGE_STANDARD = gnu99;
				GCC_DYNAMIC_NO_PIC = NO;
				GCC_NO_COMMON_BLOCKS = YES;
				GCC_OPTIMIZATION_LEVEL = 0;
				GCC_PREPROCESSOR_DEFINITIONS = (
					"DEBUG=1",
					"$(inherited)",
				);
				GCC_WARN_64_TO_32_BIT_CONVERSION = YES;
				GCC_WARN_ABOUT_RETURN_TYPE = YES_ERROR;
				GCC_WARN_UNDECLARED_SELECTOR = YES;
				GCC_WARN_UNINITIALIZED_AUTOS = YES_AGGRESSIVE;
				GCC_WARN_UNUSED_FUNCTION = YES;
				GCC_WARN_UNUSED_VARIABLE = YES;
				IPHONEOS_DEPLOYMENT_TARGET = 9.3;
				MTL_ENABLE_DEBUG_INFO = YES;
				ONLY_ACTIVE_ARCH = YES;
				SDKROOT = iphoneos;
				TARGETED_DEVICE_FAMILY = "1,2";
			};
			name = Debug;
		};
		5DEF828A1CE66A0800985B5D /* Release */ = {
			isa = XCBuildConfiguration;
			buildSettings = {
				ALWAYS_SEARCH_USER_PATHS = NO;
				CLANG_ANALYZER_NONNULL = YES;
				CLANG_CXX_LANGUAGE_STANDARD = "gnu++0x";
				CLANG_CXX_LIBRARY = "libc++";
				CLANG_ENABLE_MODULES = YES;
				CLANG_ENABLE_OBJC_ARC = YES;
				CLANG_WARN_BOOL_CONVERSION = YES;
				CLANG_WARN_CONSTANT_CONVERSION = YES;
				CLANG_WARN_DIRECT_OBJC_ISA_USAGE = YES_ERROR;
				CLANG_WARN_EMPTY_BODY = YES;
				CLANG_WARN_ENUM_CONVERSION = YES;
				CLANG_WARN_INFINITE_RECURSION = YES;
				CLANG_WARN_INT_CONVERSION = YES;
				CLANG_WARN_OBJC_ROOT_CLASS = YES_ERROR;
				CLANG_WARN_SUSPICIOUS_MOVE = YES;
				CLANG_WARN_UNREACHABLE_CODE = YES;
				CLANG_WARN__DUPLICATE_METHOD_MATCH = YES;
				"CODE_SIGN_IDENTITY[sdk=iphoneos*]" = "iPhone Developer";
				COPY_PHASE_STRIP = NO;
				DEBUG_INFORMATION_FORMAT = "dwarf-with-dsym";
				ENABLE_NS_ASSERTIONS = NO;
				ENABLE_STRICT_OBJC_MSGSEND = YES;
				GCC_C_LANGUAGE_STANDARD = gnu99;
				GCC_NO_COMMON_BLOCKS = YES;
				GCC_WARN_64_TO_32_BIT_CONVERSION = YES;
				GCC_WARN_ABOUT_RETURN_TYPE = YES_ERROR;
				GCC_WARN_UNDECLARED_SELECTOR = YES;
				GCC_WARN_UNINITIALIZED_AUTOS = YES_AGGRESSIVE;
				GCC_WARN_UNUSED_FUNCTION = YES;
				GCC_WARN_UNUSED_VARIABLE = YES;
				IPHONEOS_DEPLOYMENT_TARGET = 9.3;
				MTL_ENABLE_DEBUG_INFO = NO;
				SDKROOT = iphoneos;
				TARGETED_DEVICE_FAMILY = "1,2";
				VALIDATE_PRODUCT = YES;
			};
			name = Release;
		};
		5DEF828C1CE66A0800985B5D /* Debug */ = {
			isa = XCBuildConfiguration;
			buildSettings = {
				ASSETCATALOG_COMPILER_APPICON_NAME = AppIcon;
				GCC_TREAT_WARNINGS_AS_ERRORS = YES;
				INFOPLIST_FILE = Music/Info.plist;
				IPHONEOS_DEPLOYMENT_TARGET = 10.2;
				LD_RUNPATH_SEARCH_PATHS = "$(inherited) @executable_path/Frameworks";
				PRODUCT_BUNDLE_IDENTIFIER = coop.nisc.appsweet.Music;
				PRODUCT_NAME = "$(TARGET_NAME)";
			};
			name = Debug;
		};
		5DEF828D1CE66A0800985B5D /* Release */ = {
			isa = XCBuildConfiguration;
			buildSettings = {
				ASSETCATALOG_COMPILER_APPICON_NAME = AppIcon;
				GCC_TREAT_WARNINGS_AS_ERRORS = YES;
				INFOPLIST_FILE = Music/Info.plist;
				IPHONEOS_DEPLOYMENT_TARGET = 10.2;
				LD_RUNPATH_SEARCH_PATHS = "$(inherited) @executable_path/Frameworks";
				PRODUCT_BUNDLE_IDENTIFIER = coop.nisc.appsweet.Music;
				PRODUCT_NAME = "$(TARGET_NAME)";
			};
			name = Release;
		};
/* End XCBuildConfiguration section */

/* Begin XCConfigurationList section */
		5DEF826F1CE66A0800985B5D /* Build configuration list for PBXProject "Music" */ = {
			isa = XCConfigurationList;
			buildConfigurations = (
				5DEF82891CE66A0800985B5D /* Debug */,
				5DEF828A1CE66A0800985B5D /* Release */,
			);
			defaultConfigurationIsVisible = 0;
			defaultConfigurationName = Release;
		};
		5DEF828B1CE66A0800985B5D /* Build configuration list for PBXNativeTarget "Music" */ = {
			isa = XCConfigurationList;
			buildConfigurations = (
				5DEF828C1CE66A0800985B5D /* Debug */,
				5DEF828D1CE66A0800985B5D /* Release */,
			);
			defaultConfigurationIsVisible = 0;
			defaultConfigurationName = Release;
		};
/* End XCConfigurationList section */
	};
	rootObject = 5DEF826C1CE66A0800985B5D /* Project object */;
}
